
Microsoft Visual Studio Solution File, Format Version 12.00
# Visual Studio Version 17
VisualStudioVersion = 17.0.32014.148
MinimumVisualStudioVersion = 10.0.40219.1
Project("{9A19103F-16F7-4668-BE54-9A1E7A4F7556}") = "AlphastormsDownloader", "AlphastormsDownloader\AlphastormsDownloader.csproj", "{1FE471A2-D59F-4502-A17C-5C0DA8D3DB9E}"
EndProject
Project("{FAE04EC0-301F-11D3-BF4B-00C04F79EFBC}") = "AlphastormsGameServer", "AlphastormsGameServer\AlphastormsGameServer.csproj", "{7F746CF9-C378-4D1E-AD91-847321249EFC}"
EndProject
Project("{9A19103F-16F7-4668-BE54-9A1E7A4F7556}") = "AlphastormsEngine", "AlphastormsEngine\AlphastormsEngine.csproj", "{5A28EA03-8649-469F-8A1E-DA5CFA0C2D02}"
EndProject
Project("{2150E333-8FDC-42A3-9474-1A3956D46DE8}") = "Docs", "Docs", "{A4D31CD7-F195-403D-AB27-C0037F02C791}"
	ProjectSection(SolutionItems) = preProject
		readme.md = readme.md
	EndProjectSection
EndProject
Project("{FAE04EC0-301F-11D3-BF4B-00C04F79EFBC}") = "AlphastormsWebsite", "AlphastormsWebsite\AlphastormsWebsite.csproj", "{9BE28F56-6D84-49E2-99BE-699AAA9BB74F}"
EndProject
Project("{FAE04EC0-301F-11D3-BF4B-00C04F79EFBC}") = "AlphastormsManifestGenerator", "AlphastormsManifestGenerator\AlphastormsManifestGenerator.csproj", "{6B733B70-46DC-4E3A-80BC-C8F62EBDFBB8}"
EndProject
Project("{FAE04EC0-301F-11D3-BF4B-00C04F79EFBC}") = "Alphastorms.Utility", "Alphastorms.Utility\Alphastorms.Utility.csproj", "{0E466E15-CF71-4E92-A983-6C8D946DB697}"
EndProject
Global
	GlobalSection(SolutionConfigurationPlatforms) = preSolution
		Debug|Any CPU = Debug|Any CPU
		Release|Any CPU = Release|Any CPU
	EndGlobalSection
	GlobalSection(ProjectConfigurationPlatforms) = postSolution
		{1FE471A2-D59F-4502-A17C-5C0DA8D3DB9E}.Debug|Any CPU.ActiveCfg = Debug|Any CPU
		{1FE471A2-D59F-4502-A17C-5C0DA8D3DB9E}.Debug|Any CPU.Build.0 = Debug|Any CPU
		{1FE471A2-D59F-4502-A17C-5C0DA8D3DB9E}.Release|Any CPU.ActiveCfg = Release|Any CPU
		{1FE471A2-D59F-4502-A17C-5C0DA8D3DB9E}.Release|Any CPU.Build.0 = Release|Any CPU
		{7F746CF9-C378-4D1E-AD91-847321249EFC}.Debug|Any CPU.ActiveCfg = Debug|Any CPU
		{7F746CF9-C378-4D1E-AD91-847321249EFC}.Debug|Any CPU.Build.0 = Debug|Any CPU
		{7F746CF9-C378-4D1E-AD91-847321249EFC}.Release|Any CPU.ActiveCfg = Release|Any CPU
		{7F746CF9-C378-4D1E-AD91-847321249EFC}.Release|Any CPU.Build.0 = Release|Any CPU
		{5A28EA03-8649-469F-8A1E-DA5CFA0C2D02}.Debug|Any CPU.ActiveCfg = Debug|Any CPU
		{5A28EA03-8649-469F-8A1E-DA5CFA0C2D02}.Debug|Any CPU.Build.0 = Debug|Any CPU
		{5A28EA03-8649-469F-8A1E-DA5CFA0C2D02}.Release|Any CPU.ActiveCfg = Release|Any CPU
		{5A28EA03-8649-469F-8A1E-DA5CFA0C2D02}.Release|Any CPU.Build.0 = Release|Any CPU
		{9BE28F56-6D84-49E2-99BE-699AAA9BB74F}.Debug|Any CPU.ActiveCfg = Debug|Any CPU
		{9BE28F56-6D84-49E2-99BE-699AAA9BB74F}.Debug|Any CPU.Build.0 = Debug|Any CPU
		{9BE28F56-6D84-49E2-99BE-699AAA9BB74F}.Release|Any CPU.ActiveCfg = Release|Any CPU
		{9BE28F56-6D84-49E2-99BE-699AAA9BB74F}.Release|Any CPU.Build.0 = Release|Any CPU
		{6B733B70-46DC-4E3A-80BC-C8F62EBDFBB8}.Debug|Any CPU.ActiveCfg = Debug|Any CPU
		{6B733B70-46DC-4E3A-80BC-C8F62EBDFBB8}.Debug|Any CPU.Build.0 = Debug|Any CPU
		{6B733B70-46DC-4E3A-80BC-C8F62EBDFBB8}.Release|Any CPU.ActiveCfg = Release|Any CPU
		{6B733B70-46DC-4E3A-80BC-C8F62EBDFBB8}.Release|Any CPU.Build.0 = Release|Any CPU
		{0E466E15-CF71-4E92-A983-6C8D946DB697}.Debug|Any CPU.ActiveCfg = Debug|Any CPU
		{0E466E15-CF71-4E92-A983-6C8D946DB697}.Debug|Any CPU.Build.0 = Debug|Any CPU
		{0E466E15-CF71-4E92-A983-6C8D946DB697}.Release|Any CPU.ActiveCfg = Release|Any CPU
		{0E466E15-CF71-4E92-A983-6C8D946DB697}.Release|Any CPU.Build.0 = Release|Any CPU
	EndGlobalSection
	GlobalSection(SolutionProperties) = preSolution
		HideSolutionNode = FALSE
	EndGlobalSection
	GlobalSection(ExtensibilityGlobals) = postSolution
		SolutionGuid = {0629BAB4-ACC9-4140-9494-D766AFB43E92}
	EndGlobalSection
EndGlobal
