
Microsoft Visual Studio Solution File, Format Version 12.00
# Visual Studio Version 17
VisualStudioVersion = 17.0.32112.339
MinimumVisualStudioVersion = 10.0.40219.1
Project("{2150E333-8FDC-42A3-9474-1A3956D46DE8}") = "Docs", "Docs", "{A4D31CD7-F195-403D-AB27-C0037F02C791}"
	ProjectSection(SolutionItems) = preProject
		readme.md = readme.md
	EndProjectSection
EndProject
Project("{9A19103F-16F7-4668-BE54-9A1E7A4F7556}") = "AlphastormsWebsite", "AlphastormsWebsite\AlphastormsWebsite.csproj", "{9BE28F56-6D84-49E2-99BE-699AAA9BB74F}"
EndProject
Project("{9A19103F-16F7-4668-BE54-9A1E7A4F7556}") = "Alphastorms.Utility", "Alphastorms.Utility\Alphastorms.Utility.csproj", "{0E466E15-CF71-4E92-A983-6C8D946DB697}"
EndProject
Project("{9A19103F-16F7-4668-BE54-9A1E7A4F7556}") = "Alphastorms.Server", "Alphastorms.Server\Alphastorms.Server.csproj", "{8548A01E-FC19-4733-8694-3470912D1ACE}"
EndProject
Project("{9A19103F-16F7-4668-BE54-9A1E7A4F7556}") = "Alphastorms.Downloader", "Alphastorms.Downloader\Alphastorms.Downloader.csproj", "{F809C460-717A-4B3F-BCC0-6C2426562494}"
EndProject
Project("{2150E333-8FDC-42A3-9474-1A3956D46DE8}") = "Tools", "Tools", "{4F2F28EE-70D2-420E-BC54-0B15D5BB65B9}"
EndProject
Project("{9A19103F-16F7-4668-BE54-9A1E7A4F7556}") = "Alphastorms.ManifestGen", "Alphastorms.ManifestGen\Alphastorms.ManifestGen.csproj", "{3ECB3ED5-3194-4276-B246-4A0DE3B89A7B}"
EndProject
Project("{9A19103F-16F7-4668-BE54-9A1E7A4F7556}") = "Alphastorms.Client", "Alphastorms.Client\Alphastorms.Client.csproj", "{94AD2526-56B7-4D9D-8F58-5A59311DD9F9}"
EndProject
Project("{FAE04EC0-301F-11D3-BF4B-00C04F79EFBC}") = "Alphastorms.Shared", "Alphastorms.Shared\Alphastorms.Shared.csproj", "{B62F9166-F26E-4CEB-94D0-4B7674674D1B}"
EndProject
Global
	GlobalSection(SolutionConfigurationPlatforms) = preSolution
		Debug|Any CPU = Debug|Any CPU
		Release|Any CPU = Release|Any CPU
	EndGlobalSection
	GlobalSection(ProjectConfigurationPlatforms) = postSolution
		{9BE28F56-6D84-49E2-99BE-699AAA9BB74F}.Debug|Any CPU.ActiveCfg = Debug|Any CPU
		{9BE28F56-6D84-49E2-99BE-699AAA9BB74F}.Debug|Any CPU.Build.0 = Debug|Any CPU
		{9BE28F56-6D84-49E2-99BE-699AAA9BB74F}.Release|Any CPU.ActiveCfg = Release|Any CPU
		{9BE28F56-6D84-49E2-99BE-699AAA9BB74F}.Release|Any CPU.Build.0 = Release|Any CPU
		{0E466E15-CF71-4E92-A983-6C8D946DB697}.Debug|Any CPU.ActiveCfg = Debug|Any CPU
		{0E466E15-CF71-4E92-A983-6C8D946DB697}.Debug|Any CPU.Build.0 = Debug|Any CPU
		{0E466E15-CF71-4E92-A983-6C8D946DB697}.Release|Any CPU.ActiveCfg = Release|Any CPU
		{0E466E15-CF71-4E92-A983-6C8D946DB697}.Release|Any CPU.Build.0 = Release|Any CPU
		{8548A01E-FC19-4733-8694-3470912D1ACE}.Debug|Any CPU.ActiveCfg = Debug|Any CPU
		{8548A01E-FC19-4733-8694-3470912D1ACE}.Debug|Any CPU.Build.0 = Debug|Any CPU
		{8548A01E-FC19-4733-8694-3470912D1ACE}.Release|Any CPU.ActiveCfg = Release|Any CPU
		{8548A01E-FC19-4733-8694-3470912D1ACE}.Release|Any CPU.Build.0 = Release|Any CPU
		{F809C460-717A-4B3F-BCC0-6C2426562494}.Debug|Any CPU.ActiveCfg = Debug|Any CPU
		{F809C460-717A-4B3F-BCC0-6C2426562494}.Debug|Any CPU.Build.0 = Debug|Any CPU
		{F809C460-717A-4B3F-BCC0-6C2426562494}.Release|Any CPU.ActiveCfg = Release|Any CPU
		{F809C460-717A-4B3F-BCC0-6C2426562494}.Release|Any CPU.Build.0 = Release|Any CPU
		{3ECB3ED5-3194-4276-B246-4A0DE3B89A7B}.Debug|Any CPU.ActiveCfg = Debug|Any CPU
		{3ECB3ED5-3194-4276-B246-4A0DE3B89A7B}.Debug|Any CPU.Build.0 = Debug|Any CPU
		{3ECB3ED5-3194-4276-B246-4A0DE3B89A7B}.Release|Any CPU.ActiveCfg = Release|Any CPU
		{3ECB3ED5-3194-4276-B246-4A0DE3B89A7B}.Release|Any CPU.Build.0 = Release|Any CPU
		{94AD2526-56B7-4D9D-8F58-5A59311DD9F9}.Debug|Any CPU.ActiveCfg = Debug|Any CPU
		{94AD2526-56B7-4D9D-8F58-5A59311DD9F9}.Debug|Any CPU.Build.0 = Debug|Any CPU
		{94AD2526-56B7-4D9D-8F58-5A59311DD9F9}.Release|Any CPU.ActiveCfg = Release|Any CPU
		{94AD2526-56B7-4D9D-8F58-5A59311DD9F9}.Release|Any CPU.Build.0 = Release|Any CPU
		{B62F9166-F26E-4CEB-94D0-4B7674674D1B}.Debug|Any CPU.ActiveCfg = Debug|Any CPU
		{B62F9166-F26E-4CEB-94D0-4B7674674D1B}.Debug|Any CPU.Build.0 = Debug|Any CPU
		{B62F9166-F26E-4CEB-94D0-4B7674674D1B}.Release|Any CPU.ActiveCfg = Release|Any CPU
		{B62F9166-F26E-4CEB-94D0-4B7674674D1B}.Release|Any CPU.Build.0 = Release|Any CPU
	EndGlobalSection
	GlobalSection(SolutionProperties) = preSolution
		HideSolutionNode = FALSE
	EndGlobalSection
	GlobalSection(NestedProjects) = preSolution
		{3ECB3ED5-3194-4276-B246-4A0DE3B89A7B} = {4F2F28EE-70D2-420E-BC54-0B15D5BB65B9}
	EndGlobalSection
	GlobalSection(ExtensibilityGlobals) = postSolution
		SolutionGuid = {0629BAB4-ACC9-4140-9494-D766AFB43E92}
	EndGlobalSection
EndGlobal
