
Microsoft Visual Studio Solution File, Format Version 12.00
# Visual Studio 2013
VisualStudioVersion = 12.0.30501.0
MinimumVisualStudioVersion = 10.0.40219.1
Project("{FAE04EC0-301F-11D3-BF4B-00C04F79EFBC}") = "PatNet.FileService", "PatNet.FileService.csproj", "{AC882CFD-37F1-4DCA-B75E-B887A97E447F}"
EndProject
Project("{FAE04EC0-301F-11D3-BF4B-00C04F79EFBC}") = "PatNet.ConsoleApp", "..\PatNet.ConsoleApp\PatNet.ConsoleApp.csproj", "{D718630E-4148-4283-B223-A14BCBDE8E76}"
EndProject
Project("{FAE04EC0-301F-11D3-BF4B-00C04F79EFBC}") = "PatNet.Lib", "..\PatNet.Lib\PatNet.Lib.csproj", "{0E38F47D-F33E-4340-970D-1E4BC0851D46}"
EndProject
Project("{FAE04EC0-301F-11D3-BF4B-00C04F79EFBC}") = "PatNet.Tests", "..\PatNet.Tests\PatNet.Tests.csproj", "{40DB3833-6A36-4FD7-B9DF-45E121B38220}"
EndProject
Global
	GlobalSection(SolutionConfigurationPlatforms) = preSolution
		Debug|Any CPU = Debug|Any CPU
		Release|Any CPU = Release|Any CPU
	EndGlobalSection
	GlobalSection(ProjectConfigurationPlatforms) = postSolution
		{AC882CFD-37F1-4DCA-B75E-B887A97E447F}.Debug|Any CPU.ActiveCfg = Debug|Any CPU
		{AC882CFD-37F1-4DCA-B75E-B887A97E447F}.Debug|Any CPU.Build.0 = Debug|Any CPU
		{AC882CFD-37F1-4DCA-B75E-B887A97E447F}.Release|Any CPU.ActiveCfg = Release|Any CPU
		{AC882CFD-37F1-4DCA-B75E-B887A97E447F}.Release|Any CPU.Build.0 = Release|Any CPU
		{D718630E-4148-4283-B223-A14BCBDE8E76}.Debug|Any CPU.ActiveCfg = Debug|Any CPU
		{D718630E-4148-4283-B223-A14BCBDE8E76}.Debug|Any CPU.Build.0 = Debug|Any CPU
		{D718630E-4148-4283-B223-A14BCBDE8E76}.Release|Any CPU.ActiveCfg = Release|Any CPU
		{D718630E-4148-4283-B223-A14BCBDE8E76}.Release|Any CPU.Build.0 = Release|Any CPU
		{0E38F47D-F33E-4340-970D-1E4BC0851D46}.Debug|Any CPU.ActiveCfg = Debug|Any CPU
		{0E38F47D-F33E-4340-970D-1E4BC0851D46}.Debug|Any CPU.Build.0 = Debug|Any CPU
		{0E38F47D-F33E-4340-970D-1E4BC0851D46}.Release|Any CPU.ActiveCfg = Release|Any CPU
		{0E38F47D-F33E-4340-970D-1E4BC0851D46}.Release|Any CPU.Build.0 = Release|Any CPU
		{40DB3833-6A36-4FD7-B9DF-45E121B38220}.Debug|Any CPU.ActiveCfg = Debug|Any CPU
		{40DB3833-6A36-4FD7-B9DF-45E121B38220}.Debug|Any CPU.Build.0 = Debug|Any CPU
		{40DB3833-6A36-4FD7-B9DF-45E121B38220}.Release|Any CPU.ActiveCfg = Release|Any CPU
		{40DB3833-6A36-4FD7-B9DF-45E121B38220}.Release|Any CPU.Build.0 = Release|Any CPU
	EndGlobalSection
	GlobalSection(SolutionProperties) = preSolution
		HideSolutionNode = FALSE
	EndGlobalSection
EndGlobal
