
Microsoft Visual Studio Solution File, Format Version 12.00
# Visual Studio 2012
Project("{FAE04EC0-301F-11D3-BF4B-00C04F79EFBC}") = "StockBot", "StockBot.csproj", "{B3DA359B-1BFD-48BF-958A-836430A65EC7}"
EndProject
Project("{FAE04EC0-301F-11D3-BF4B-00C04F79EFBC}") = "Stockbot.Processor", "..\Stockbot.Processor\Stockbot.Processor.csproj", "{D4E02E60-68DC-4718-9998-043B086ABCC3}"
EndProject
Global
	GlobalSection(SolutionConfigurationPlatforms) = preSolution
		Debug|Any CPU = Debug|Any CPU
		Release|Any CPU = Release|Any CPU
	EndGlobalSection
	GlobalSection(ProjectConfigurationPlatforms) = postSolution
		{B3DA359B-1BFD-48BF-958A-836430A65EC7}.Debug|Any CPU.ActiveCfg = Debug|Any CPU
		{B3DA359B-1BFD-48BF-958A-836430A65EC7}.Debug|Any CPU.Build.0 = Debug|Any CPU
		{B3DA359B-1BFD-48BF-958A-836430A65EC7}.Release|Any CPU.ActiveCfg = Release|Any CPU
		{B3DA359B-1BFD-48BF-958A-836430A65EC7}.Release|Any CPU.Build.0 = Release|Any CPU
		{D4E02E60-68DC-4718-9998-043B086ABCC3}.Debug|Any CPU.ActiveCfg = Debug|Any CPU
		{D4E02E60-68DC-4718-9998-043B086ABCC3}.Debug|Any CPU.Build.0 = Debug|Any CPU
		{D4E02E60-68DC-4718-9998-043B086ABCC3}.Release|Any CPU.ActiveCfg = Release|Any CPU
		{D4E02E60-68DC-4718-9998-043B086ABCC3}.Release|Any CPU.Build.0 = Release|Any CPU
	EndGlobalSection
	GlobalSection(SolutionProperties) = preSolution
		HideSolutionNode = FALSE
	EndGlobalSection
EndGlobal
